
Microsoft Visual Studio Solution File, Format Version 12.00
# Visual Studio 15
Project("{FAE04EC0-301F-11D3-BF4B-00C04F79EFBC}") = "weeklyChallenges05", "weeklyChallenges05\weeklyChallenges05.csproj", "{052790B2-1357-4865-8EAA-2AF6833E0283}"
EndProject
Project("{FAE04EC0-301F-11D3-BF4B-00C04F79EFBC}") = "weeklyChallenges05.Test", "weeklyChallenges05.Tests\weeklyChallenges05.Test.csproj", "{F50F63FE-FD68-4083-901C-60BF7E471D20}"
EndProject
Global
	GlobalSection(SolutionConfigurationPlatforms) = preSolution
		Debug|Any CPU = Debug|Any CPU
		Release|Any CPU = Release|Any CPU
	EndGlobalSection
	GlobalSection(ProjectConfigurationPlatforms) = postSolution
		{052790B2-1357-4865-8EAA-2AF6833E0283}.Debug|Any CPU.ActiveCfg = Debug|Any CPU
		{052790B2-1357-4865-8EAA-2AF6833E0283}.Debug|Any CPU.Build.0 = Debug|Any CPU
		{052790B2-1357-4865-8EAA-2AF6833E0283}.Release|Any CPU.ActiveCfg = Release|Any CPU
		{052790B2-1357-4865-8EAA-2AF6833E0283}.Release|Any CPU.Build.0 = Release|Any CPU
		{F50F63FE-FD68-4083-901C-60BF7E471D20}.Debug|Any CPU.ActiveCfg = Debug|Any CPU
		{F50F63FE-FD68-4083-901C-60BF7E471D20}.Debug|Any CPU.Build.0 = Debug|Any CPU
		{F50F63FE-FD68-4083-901C-60BF7E471D20}.Release|Any CPU.ActiveCfg = Release|Any CPU
		{F50F63FE-FD68-4083-901C-60BF7E471D20}.Release|Any CPU.Build.0 = Release|Any CPU
	EndGlobalSection
EndGlobal
